// !$*UTF8*$!
{
	archiveVersion = 1;
	classes = {
	};
	objectVersion = 54;
	objects = {

/* Begin PBXBuildFile section */
		03AFBA342BFFCFC1005F5D6F /* main.cpp in Sources */ = {isa = PBXBuildFile; fileRef = 03AFBA332BFFCFC1005F5D6F /* main.cpp */; };
		"82429654-D1CF-40DF-9890-A6971DA98EC6" /* ofxMicroUIParseText.cpp in Sources */ = {isa = PBXBuildFile; fileRef = "F3FF6E0A-0CFC-4FB1-8199-80479E57B080" /* ofxMicroUIParseText.cpp */; };
		"AF39CDEE-06A7-4270-B49B-C423752ED3CF" /* ofxMicroUI.cpp in Sources */ = {isa = PBXBuildFile; fileRef = "6652DE8B-BD20-4B62-9457-3E5B5DA13EAB" /* ofxMicroUI.cpp */; };
		"B370BF23-9427-4E08-902A-EE76008E8328" /* ofxMicroUISoftware.cpp in Sources */ = {isa = PBXBuildFile; fileRef = "A742C048-11BD-435B-B468-B6659DB8DAAA" /* ofxMicroUISoftware.cpp */; };
		"C4A1E152-FF33-4730-A5E4-69776A41117F" /* ofxMicroUIElements.cpp in Sources */ = {isa = PBXBuildFile; fileRef = "878DB615-6725-493C-A577-5ED3226BAD29" /* ofxMicroUIElements.cpp */; };
/* End PBXBuildFile section */

/* Begin PBXCopyFilesBuildPhase section */
		E4A5B60F29BAAAE400C2D356 /* CopyFiles */ = {
			isa = PBXCopyFilesBuildPhase;
			buildActionMask = 2147483647;
			dstPath = "";
			dstSubfolderSpec = 6;
			files = (
			);
			runOnlyForDeploymentPostprocessing = 0;
		};
		E4C2427710CC5ABF004149E2 /* CopyFiles */ = {
			isa = PBXCopyFilesBuildPhase;
			buildActionMask = 2147483647;
			dstPath = "";
			dstSubfolderSpec = 10;
			files = (
			);
			runOnlyForDeploymentPostprocessing = 0;
		};
/* End PBXCopyFilesBuildPhase section */

/* Begin PBXFileReference section */
		"022E0165-3E81-43D7-B642-0DF07DB9FC5A" /* ofxMicroUIParseText.h */ = {isa = PBXFileReference; fileEncoding = 4; lastKnownFileType = sourcecode.cpp.h; name = ofxMicroUIParseText.h; path = ../../../addons/ofxMicroUI/src/ofxMicroUIParseText.h; sourceTree = SOURCE_ROOT; };
		03AFBA2A2BFFCE39005F5D6F /* src */ = {isa = PBXFileReference; lastKnownFileType = folder; path = src; sourceTree = "<group>"; };
		03AFBA332BFFCFC1005F5D6F /* main.cpp */ = {isa = PBXFileReference; lastKnownFileType = sourcecode.cpp.cpp; name = main.cpp; path = src/main.cpp; sourceTree = "<group>"; };
		191CD6FA2847E21E0085CBB6 /* of.entitlements */ = {isa = PBXFileReference; fileEncoding = 4; lastKnownFileType = text.plist.entitlements; path = of.entitlements; sourceTree = "<group>"; };
		191EF70929D778A400F35F26 /* openFrameworks */ = {isa = PBXFileReference; lastKnownFileType = folder; name = openFrameworks; path = ../../../libs/openFrameworks; sourceTree = SOURCE_ROOT; };
		"1992F84E-FA99-4AC9-9C8C-E3D0A0AEA195" /* ofxMicroUIRemote.h */ = {isa = PBXFileReference; fileEncoding = 4; lastKnownFileType = sourcecode.cpp.h; name = ofxMicroUIRemote.h; path = ../../../addons/ofxMicroUI/src/ofxMicroUIRemote.h; sourceTree = SOURCE_ROOT; };
		"26797197-B714-4501-825E-E976E193BDEC" /* tiffFastWriter.h */ = {isa = PBXFileReference; fileEncoding = 4; lastKnownFileType = sourcecode.cpp.h; name = tiffFastWriter.h; path = ../../../addons/ofxMicroUI/src/tiffFastWriter.h; sourceTree = SOURCE_ROOT; };
		"62DCC95C-609A-491D-AF70-FAF6ACD52B3A" /* App.xcconfig */ = {isa = PBXFileReference; fileEncoding = 4; lastKnownFileType = text.xcconfig; path = App.xcconfig; sourceTree = SOURCE_ROOT; };
		"6652DE8B-BD20-4B62-9457-3E5B5DA13EAB" /* ofxMicroUI.cpp */ = {isa = PBXFileReference; fileEncoding = 4; lastKnownFileType = sourcecode.cpp.cpp; name = ofxMicroUI.cpp; path = ../../../addons/ofxMicroUI/src/ofxMicroUI.cpp; sourceTree = SOURCE_ROOT; };
		"769719AE-B6F0-446C-A75A-7B1A1F39EC60" /* data */ = {isa = PBXFileReference; fileEncoding = 4; lastKnownFileType = folder; name = data; path = bin/data; sourceTree = SOURCE_ROOT; };
		"878DB615-6725-493C-A577-5ED3226BAD29" /* ofxMicroUIElements.cpp */ = {isa = PBXFileReference; fileEncoding = 4; lastKnownFileType = sourcecode.cpp.cpp; name = ofxMicroUIElements.cpp; path = ../../../addons/ofxMicroUI/src/ofxMicroUIElements.cpp; sourceTree = SOURCE_ROOT; };
		"9A892098-103F-406A-8421-6447BF87766E" /* ofxMicroUISettings.h */ = {isa = PBXFileReference; fileEncoding = 4; lastKnownFileType = sourcecode.cpp.h; name = ofxMicroUISettings.h; path = ../../../addons/ofxMicroUI/src/ofxMicroUISettings.h; sourceTree = SOURCE_ROOT; };
		"A742C048-11BD-435B-B468-B6659DB8DAAA" /* ofxMicroUISoftware.cpp */ = {isa = PBXFileReference; fileEncoding = 4; lastKnownFileType = sourcecode.cpp.cpp; name = ofxMicroUISoftware.cpp; path = ../../../addons/ofxMicroUI/src/ofxMicroUISoftware.cpp; sourceTree = SOURCE_ROOT; };
		"B9B58ED8-E727-461B-9FAE-718BFF2D7F0F" /* ofxMicroUI.h */ = {isa = PBXFileReference; fileEncoding = 4; lastKnownFileType = sourcecode.cpp.h; name = ofxMicroUI.h; path = ../../../addons/ofxMicroUI/src/ofxMicroUI.h; sourceTree = SOURCE_ROOT; };
		"BE4CCC7C-43EF-40B7-A394-3B1CF7A48C6A" /* ofxMicroUITools.h */ = {isa = PBXFileReference; fileEncoding = 4; lastKnownFileType = sourcecode.cpp.h; name = ofxMicroUITools.h; path = ../../../addons/ofxMicroUI/src/ofxMicroUITools.h; sourceTree = SOURCE_ROOT; };
		"C6D9EDDC-B9D8-437A-A900-1F4BDC0882FC" /* ofxMicroUIShortcut.h */ = {isa = PBXFileReference; fileEncoding = 4; lastKnownFileType = sourcecode.cpp.h; name = ofxMicroUIShortcut.h; path = ../../../addons/ofxMicroUI/src/ofxMicroUIShortcut.h; sourceTree = SOURCE_ROOT; };
		"E4A1C907-441E-4E42-8978-FCAFFA0392FF" /* ofxMicroUIElements.h */ = {isa = PBXFileReference; fileEncoding = 4; lastKnownFileType = sourcecode.cpp.h; name = ofxMicroUIElements.h; path = ../../../addons/ofxMicroUI/src/ofxMicroUIElements.h; sourceTree = SOURCE_ROOT; };
		E4B69B5B0A3A1756003C02F2 /* monitorDebug.app */ = {isa = PBXFileReference; explicitFileType = wrapper.application; includeInIndex = 0; path = monitorDebug.app; sourceTree = BUILT_PRODUCTS_DIR; };
		E4B6FCAD0C3E899E008CF71C /* openFrameworks-Info.plist */ = {isa = PBXFileReference; fileEncoding = 4; lastKnownFileType = text.plist.xml; path = "openFrameworks-Info.plist"; sourceTree = "<group>"; };
		E4EB6923138AFD0F00A09F29 /* Project.xcconfig */ = {isa = PBXFileReference; fileEncoding = 4; lastKnownFileType = text.xcconfig; path = Project.xcconfig; sourceTree = "<group>"; };
		"F3FF6E0A-0CFC-4FB1-8199-80479E57B080" /* ofxMicroUIParseText.cpp */ = {isa = PBXFileReference; fileEncoding = 4; lastKnownFileType = sourcecode.cpp.cpp; name = ofxMicroUIParseText.cpp; path = ../../../addons/ofxMicroUI/src/ofxMicroUIParseText.cpp; sourceTree = SOURCE_ROOT; };
		"F8786506-CC48-4E2E-B692-18CC761E3FA6" /* ofxMicroUISoftware.h */ = {isa = PBXFileReference; fileEncoding = 4; lastKnownFileType = sourcecode.cpp.h; name = ofxMicroUISoftware.h; path = ../../../addons/ofxMicroUI/src/ofxMicroUISoftware.h; sourceTree = SOURCE_ROOT; };
/* End PBXFileReference section */

/* Begin PBXFrameworksBuildPhase section */
		E4B69B590A3A1756003C02F2 /* Frameworks */ = {
			isa = PBXFrameworksBuildPhase;
			buildActionMask = 2147483647;
			files = (
			);
			runOnlyForDeploymentPostprocessing = 0;
		};
/* End PBXFrameworksBuildPhase section */

/* Begin PBXGroup section */
		"4668A8B2-BD12-4BF4-A566-3B78BE869CC5" /* ofxMicroUI */ = {
			isa = PBXGroup;
			children = (
				"4F5B672C-C8E1-4C1C-9198-1D519AAA8B2A" /* src */,
			);
			name = ofxMicroUI;
			sourceTree = SOURCE_ROOT;
		};
		"4F5B672C-C8E1-4C1C-9198-1D519AAA8B2A" /* src */ = {
			isa = PBXGroup;
			children = (
				"6652DE8B-BD20-4B62-9457-3E5B5DA13EAB" /* ofxMicroUI.cpp */,
				"B9B58ED8-E727-461B-9FAE-718BFF2D7F0F" /* ofxMicroUI.h */,
				"878DB615-6725-493C-A577-5ED3226BAD29" /* ofxMicroUIElements.cpp */,
				"E4A1C907-441E-4E42-8978-FCAFFA0392FF" /* ofxMicroUIElements.h */,
				"F3FF6E0A-0CFC-4FB1-8199-80479E57B080" /* ofxMicroUIParseText.cpp */,
				"022E0165-3E81-43D7-B642-0DF07DB9FC5A" /* ofxMicroUIParseText.h */,
				"1992F84E-FA99-4AC9-9C8C-E3D0A0AEA195" /* ofxMicroUIRemote.h */,
				"9A892098-103F-406A-8421-6447BF87766E" /* ofxMicroUISettings.h */,
				"C6D9EDDC-B9D8-437A-A900-1F4BDC0882FC" /* ofxMicroUIShortcut.h */,
				"A742C048-11BD-435B-B468-B6659DB8DAAA" /* ofxMicroUISoftware.cpp */,
				"F8786506-CC48-4E2E-B692-18CC761E3FA6" /* ofxMicroUISoftware.h */,
				"BE4CCC7C-43EF-40B7-A394-3B1CF7A48C6A" /* ofxMicroUITools.h */,
				"26797197-B714-4501-825E-E976E193BDEC" /* tiffFastWriter.h */,
			);
			name = src;
			sourceTree = SOURCE_ROOT;
		};
		BB4B014C10F69532006C3DED /* addons */ = {
			isa = PBXGroup;
			children = (
				"4668A8B2-BD12-4BF4-A566-3B78BE869CC5" /* ofxMicroUI */,
			);
			name = addons;
			path = ../../../addons;
			sourceTree = "<group>";
		};
		E4B69B4A0A3A1720003C02F2 = {
			isa = PBXGroup;
			children = (
				03AFBA332BFFCFC1005F5D6F /* main.cpp */,
				191CD6FA2847E21E0085CBB6 /* of.entitlements */,
				E4B6FCAD0C3E899E008CF71C /* openFrameworks-Info.plist */,
				E4EB6923138AFD0F00A09F29 /* Project.xcconfig */,
				03AFBA2A2BFFCE39005F5D6F /* src */,
				191EF70929D778A400F35F26 /* openFrameworks */,
				BB4B014C10F69532006C3DED /* addons */,
				E4B69B5B0A3A1756003C02F2 /* monitorDebug.app */,
				"62DCC95C-609A-491D-AF70-FAF6ACD52B3A" /* App.xcconfig */,
				"769719AE-B6F0-446C-A75A-7B1A1F39EC60" /* data */,
			);
			sourceTree = "<group>";
		};
/* End PBXGroup section */

/* Begin PBXNativeTarget section */
		E4B69B5A0A3A1756003C02F2 /* monitor */ = {
			isa = PBXNativeTarget;
			buildConfigurationList = E4B69B5F0A3A1757003C02F2 /* Build configuration list for PBXNativeTarget "monitor" */;
			buildPhases = (
				E42962A92163ECCD00A6A9E2 /* Run Script — Compile OF */,
				E4B69B580A3A1756003C02F2 /* Sources */,
				E4B69B590A3A1756003C02F2 /* Frameworks */,
				E4C2427710CC5ABF004149E2 /* CopyFiles */,
				E4A5B60F29BAAAE400C2D356 /* CopyFiles */,
				19B789C429E5AB4A0082E9B8 /* ShellScript */,
			);
			buildRules = (
			);
			dependencies = (
			);
			name = monitor;
			productName = myOFApp;
			productReference = E4B69B5B0A3A1756003C02F2 /* monitorDebug.app */;
			productType = "com.apple.product-type.application";
		};
/* End PBXNativeTarget section */

/* Begin PBXProject section */
		E4B69B4C0A3A1720003C02F2 /* Project object */ = {
			isa = PBXProject;
			attributes = {
				LastUpgradeCheck = 0600;
			};
			buildConfigurationList = E4B69B4D0A3A1720003C02F2 /* Build configuration list for PBXProject "monitor" */;
			compatibilityVersion = "Xcode 3.2";
			developmentRegion = en;
			hasScannedForEncodings = 0;
			knownRegions = (
				en,
				Base,
			);
			mainGroup = E4B69B4A0A3A1720003C02F2;
			productRefGroup = E4B69B4A0A3A1720003C02F2;
			projectDirPath = "";
			projectRoot = "";
			targets = (
				E4B69B5A0A3A1756003C02F2 /* monitor */,
			);
		};
/* End PBXProject section */

/* Begin PBXShellScriptBuildPhase section */
		19B789C429E5AB4A0082E9B8 /* ShellScript */ = {
			isa = PBXShellScriptBuildPhase;
			buildActionMask = 2147483647;
			files = (
			);
			inputFileListPaths = (
			);
			inputPaths = (
			);
			outputFileListPaths = (
			);
			outputPaths = (
			);
			runOnlyForDeploymentPostprocessing = 0;
			shellPath = /bin/sh;
			shellScript = "\"$OF_PATH/scripts/osx/xcode_project.sh\"\n";
			showEnvVarsInLog = 0;
		};
		E42962A92163ECCD00A6A9E2 /* Run Script — Compile OF */ = {
			isa = PBXShellScriptBuildPhase;
			alwaysOutOfDate = 1;
			buildActionMask = 2147483647;
			files = (
			);
			inputPaths = (
			);
			name = "Run Script — Compile OF";
			outputPaths = (
			);
			runOnlyForDeploymentPostprocessing = 0;
			shellPath = /bin/sh;
			shellScript = "echo \"💾 Compiling Openframeworks\"\nxcodebuild -project \"$OF_PATH/libs/openFrameworksCompiled/project/osx/openFrameworksLib.xcodeproj\" -target openFrameworks -configuration \"${CONFIGURATION}\"  CLANG_CXX_LANGUAGE_STANDARD=$CLANG_CXX_LANGUAGE_STANDARD MACOSX_DEPLOYMENT_TARGET=$MACOSX_DEPLOYMENT_TARGET GCC_PREPROCESSOR_DEFINITIONS='$USER_PREPROCESSOR_DEFINITIONS'\n";
			showEnvVarsInLog = 0;
		};
/* End PBXShellScriptBuildPhase section */

/* Begin PBXSourcesBuildPhase section */
		E4B69B580A3A1756003C02F2 /* Sources */ = {
			isa = PBXSourcesBuildPhase;
			buildActionMask = 2147483647;
			files = (
				03AFBA342BFFCFC1005F5D6F /* main.cpp in Sources */,
				"AF39CDEE-06A7-4270-B49B-C423752ED3CF" /* ofxMicroUI.cpp in Sources */,
				"C4A1E152-FF33-4730-A5E4-69776A41117F" /* ofxMicroUIElements.cpp in Sources */,
				"82429654-D1CF-40DF-9890-A6971DA98EC6" /* ofxMicroUIParseText.cpp in Sources */,
				"B370BF23-9427-4E08-902A-EE76008E8328" /* ofxMicroUISoftware.cpp in Sources */,
			);
			runOnlyForDeploymentPostprocessing = 0;
		};
/* End PBXSourcesBuildPhase section */

/* Begin XCBuildConfiguration section */
		E4B69B4E0A3A1720003C02F2 /* Debug */ = {
			isa = XCBuildConfiguration;
			baseConfigurationReference = E4EB6923138AFD0F00A09F29 /* Project.xcconfig */;
			buildSettings = {
				CODE_SIGN_ENTITLEMENTS = of.entitlements;
				COPY_PHASE_STRIP = NO;
				ENABLE_TESTABILITY = YES;
				GCC_OPTIMIZATION_LEVEL = 0;
				GCC_WARN_UNUSED_VARIABLE = NO;
				HEADER_SEARCH_PATHS = (
					"$(OF_CORE_HEADERS)",
					src,
				);
				OTHER_CPLUSPLUSFLAGS = "-D__MACOSX_CORE__";
			};
			name = Debug;
		};
		E4B69B4F0A3A1720003C02F2 /* Release */ = {
			isa = XCBuildConfiguration;
			baseConfigurationReference = E4EB6923138AFD0F00A09F29 /* Project.xcconfig */;
			buildSettings = {
				CODE_SIGN_ENTITLEMENTS = of.entitlements;
				COPY_PHASE_STRIP = YES;
				GCC_OPTIMIZATION_LEVEL = 3;
				GCC_UNROLL_LOOPS = YES;
				HEADER_SEARCH_PATHS = (
					"$(OF_CORE_HEADERS)",
					src,
				);
				OTHER_CPLUSPLUSFLAGS = "-D__MACOSX_CORE__";
			};
			name = Release;
		};
		E4B69B600A3A1757003C02F2 /* Debug */ = {
			isa = XCBuildConfiguration;
			baseConfigurationReference = E4EB6923138AFD0F00A09F29 /* Project.xcconfig */;
			buildSettings = {
				ARCHS = "$(ARCHS_STANDARD)";
				COPY_PHASE_STRIP = NO;
				FRAMEWORK_SEARCH_PATHS = "$(inherited)";
				GCC_DYNAMIC_NO_PIC = NO;
				HEADER_SEARCH_PATHS = (
					"$(OF_CORE_HEADERS)",
					src,
					src,
					../../../addons/ofxMicroUI/src,
				);
				LIBRARY_SEARCH_PATHS = "$(inherited)";
				OTHER_LDFLAGS = (
					"$(OF_CORE_LIBS)",
					"$(OF_CORE_FRAMEWORKS)",
					"$(LIB_OF_DEBUG)",
				);
			};
			name = Debug;
		};
		E4B69B610A3A1757003C02F2 /* Release */ = {
			isa = XCBuildConfiguration;
			baseConfigurationReference = E4EB6923138AFD0F00A09F29 /* Project.xcconfig */;
			buildSettings = {
				ARCHS = "$(ARCHS_STANDARD)";
				COPY_PHASE_STRIP = YES;
				FRAMEWORK_SEARCH_PATHS = "$(inherited)";
				HEADER_SEARCH_PATHS = (
					"$(OF_CORE_HEADERS)",
					src,
					src,
					../../../addons/ofxMicroUI/src,
				);
				LIBRARY_SEARCH_PATHS = "$(inherited)";
				OTHER_LDFLAGS = (
					"$(OF_CORE_LIBS)",
					"$(OF_CORE_FRAMEWORKS)",
					"$(LIB_OF)",
				);
				baseConfigurationReference = E4EB6923138AFD0F00A09F29;
			};
			name = Release;
		};
/* End XCBuildConfiguration section */

/* Begin XCConfigurationList section */
		E4B69B4D0A3A1720003C02F2 /* Build configuration list for PBXProject "monitor" */ = {
			isa = XCConfigurationList;
			buildConfigurations = (
				E4B69B4E0A3A1720003C02F2 /* Debug */,
				E4B69B4F0A3A1720003C02F2 /* Release */,
			);
			defaultConfigurationIsVisible = 0;
			defaultConfigurationName = Release;
		};
		E4B69B5F0A3A1757003C02F2 /* Build configuration list for PBXNativeTarget "monitor" */ = {
			isa = XCConfigurationList;
			buildConfigurations = (
				E4B69B600A3A1757003C02F2 /* Debug */,
				E4B69B610A3A1757003C02F2 /* Release */,
			);
			defaultConfigurationIsVisible = 0;
			defaultConfigurationName = Release;
		};
/* End XCConfigurationList section */
	};
	rootObject = E4B69B4C0A3A1720003C02F2 /* Project object */;
}
