<?xml version="1.0"?>
<Project ToolsVersion="4.0" xmlns="http://schemas.microsoft.com/developer/msbuild/2003">
	<ItemGroup>
		<ClCompile Include="src\ofApp.cpp">
			<Filter>src</Filter>
		</ClCompile>
		<ClCompile Include="src\main.cpp">
			<Filter>src</Filter>
		</ClCompile>
		<ClCompile Include="..\..\..\addons\ofxGStreamer\src\ofxGStreamer.cpp">
			<Filter>addons\ofxGStreamer\src</Filter>
		</ClCompile>
		<ClCompile Include="..\..\..\libs\openFrameworks\video\ofGstUtils.cpp">
			<Filter>other</Filter>
		</ClCompile>
		<ClCompile Include="..\..\..\libs\openFrameworks\video\ofGstVideoPlayer.cpp">
			<Filter>other</Filter>
		</ClCompile>
		<ClCompile Include="..\..\..\libs\openFrameworks\video\ofGstVideoGrabber.cpp">
			<Filter>other</Filter>
		</ClCompile>
	</ItemGroup>
	<ItemGroup>
		<Filter Include="src">
			<UniqueIdentifier>{d8376475-7454-4a24-b08a-aac121d3ad6f}</UniqueIdentifier>
		</Filter>
		<Filter Include="addons">
			<UniqueIdentifier>{503A3E64--E53-B-4A-7B-9-81B-880BD2603D13}</UniqueIdentifier>
		</Filter>
		<Filter Include="addons\ofxGStreamer">
			<UniqueIdentifier>{CFB99D3D--9AE-2-42-1D-9-5E5-4AAF1C4338FB}</UniqueIdentifier>
		</Filter>
		<Filter Include="addons\ofxGStreamer\src">
			<UniqueIdentifier>{65F85404--A09-4-46-87-B-5B5-F14244238965}</UniqueIdentifier>
		</Filter>
		<Filter Include="other">
			<UniqueIdentifier>{7E1C7C1E--3FE-4-48-D0-B-E1D-C0FE73AB146A}</UniqueIdentifier>
		</Filter>
	</ItemGroup>
	<ItemGroup>
		<ClInclude Include="src\ofApp.h">
			<Filter>src</Filter>
		</ClInclude>
		<ClInclude Include="..\..\..\addons\ofxGStreamer\src\ofxGStreamer.h">
			<Filter>addons\ofxGStreamer\src</Filter>
		</ClInclude>
		<ClInclude Include="..\..\..\libs\openFrameworks\video\ofGstUtils.h">
			<Filter>other</Filter>
		</ClInclude>
		<ClInclude Include="..\..\..\libs\openFrameworks\video\ofGstVideoPlayer.h">
			<Filter>other</Filter>
		</ClInclude>
		<ClInclude Include="..\..\..\libs\openFrameworks\video\ofGstVideoGrabber.h">
			<Filter>other</Filter>
		</ClInclude>
	</ItemGroup>
	<ItemGroup>
		<ResourceCompile Include="icon.rc" />
	</ItemGroup>
</Project>
