<?xml version="1.0"?>
<Project ToolsVersion="4.0" xmlns="http://schemas.microsoft.com/developer/msbuild/2003">
	<ItemGroup>
		<ClCompile Include="src\ofApp.cpp">
			<Filter>src</Filter>
		</ClCompile>
		<ClCompile Include="src\main.cpp">
			<Filter>src</Filter>
		</ClCompile>
		<ClCompile Include="..\..\..\addons\ofxMicroUI\src\ofxMicroUIParseText.cpp">
			<Filter>addons\ofxMicroUI\src</Filter>
		</ClCompile>
		<ClCompile Include="..\..\..\addons\ofxMicroUI\src\ofxMicroUISoftware.cpp">
			<Filter>addons\ofxMicroUI\src</Filter>
		</ClCompile>
		<ClCompile Include="..\..\..\addons\ofxMicroUI\src\ofxMicroUIElements.cpp">
			<Filter>addons\ofxMicroUI\src</Filter>
		</ClCompile>
		<ClCompile Include="..\..\..\addons\ofxMicroUI\src\ofxMicroUI.cpp">
			<Filter>addons\ofxMicroUI\src</Filter>
		</ClCompile>
	</ItemGroup>
	<ItemGroup>
		<Filter Include="src">
			<UniqueIdentifier>{d8376475-7454-4a24-b08a-aac121d3ad6f}</UniqueIdentifier>
		</Filter>
		<Filter Include="addons">
			<UniqueIdentifier>{0985F4B9--AFF-0-41-FD-8-879-8B56907A4174}</UniqueIdentifier>
		</Filter>
		<Filter Include="addons\ofxMicroUI">
			<UniqueIdentifier>{AD52012A--33E-2-4A-8A-8-020-A784E7CA263F}</UniqueIdentifier>
		</Filter>
		<Filter Include="addons\ofxMicroUI\src">
			<UniqueIdentifier>{157B759B--D97-4-46-F0-9-AA3-B422BDAC9F6A}</UniqueIdentifier>
		</Filter>
	</ItemGroup>
	<ItemGroup>
		<ClInclude Include="src\ofApp.h">
			<Filter>src</Filter>
		</ClInclude>
		<ClInclude Include="src\grad.h">
			<Filter>src</Filter>
		</ClInclude>
		<ClInclude Include="src\test.h">
			<Filter>src</Filter>
		</ClInclude>
		<ClInclude Include="..\..\..\addons\ofxMicroUI\src\ofxMicroUIParseText.h">
			<Filter>addons\ofxMicroUI\src</Filter>
		</ClInclude>
		<ClInclude Include="..\..\..\addons\ofxMicroUI\src\ofxMicroUI.h">
			<Filter>addons\ofxMicroUI\src</Filter>
		</ClInclude>
		<ClInclude Include="..\..\..\addons\ofxMicroUI\src\tiffFastWriter.h">
			<Filter>addons\ofxMicroUI\src</Filter>
		</ClInclude>
		<ClInclude Include="..\..\..\addons\ofxMicroUI\src\ofxMicroUIShortcut.h">
			<Filter>addons\ofxMicroUI\src</Filter>
		</ClInclude>
		<ClInclude Include="..\..\..\addons\ofxMicroUI\src\ofxMicroUIRemote.h">
			<Filter>addons\ofxMicroUI\src</Filter>
		</ClInclude>
		<ClInclude Include="..\..\..\addons\ofxMicroUI\src\ofxMicroUISettings.h">
			<Filter>addons\ofxMicroUI\src</Filter>
		</ClInclude>
		<ClInclude Include="..\..\..\addons\ofxMicroUI\src\ofxMicroUIElements.h">
			<Filter>addons\ofxMicroUI\src</Filter>
		</ClInclude>
		<ClInclude Include="..\..\..\addons\ofxMicroUI\src\ofxMicroUISoftware.h">
			<Filter>addons\ofxMicroUI\src</Filter>
		</ClInclude>
		<ClInclude Include="..\..\..\addons\ofxMicroUI\src\ofxMicroUITools.h">
			<Filter>addons\ofxMicroUI\src</Filter>
		</ClInclude>
	</ItemGroup>
	<ItemGroup>
		<ResourceCompile Include="icon.rc" />
	</ItemGroup>
</Project>
